
Microsoft Visual Studio Solution File, Format Version 12.00
# Visual Studio Version 16
VisualStudioVersion = 16.0.31005.135
MinimumVisualStudioVersion = 10.0.40219.1
Project("{FAE04EC0-301F-11D3-BF4B-00C04F79EFBC}") = "zahidalmuhasibi_1302190082_kelompok2", "zahidalmuhasibi_1302190082_kelompok2\zahidalmuhasibi_1302190082_kelompok2.csproj", "{DBA9DD89-2106-47F5-AB62-06345E56E2E5}"
EndProject
Global
	GlobalSection(SolutionConfigurationPlatforms) = preSolution
		Debug|Any CPU = Debug|Any CPU
		Release|Any CPU = Release|Any CPU
	EndGlobalSection
	GlobalSection(ProjectConfigurationPlatforms) = postSolution
		{DBA9DD89-2106-47F5-AB62-06345E56E2E5}.Debug|Any CPU.ActiveCfg = Debug|Any CPU
		{DBA9DD89-2106-47F5-AB62-06345E56E2E5}.Debug|Any CPU.Build.0 = Debug|Any CPU
		{DBA9DD89-2106-47F5-AB62-06345E56E2E5}.Release|Any CPU.ActiveCfg = Release|Any CPU
		{DBA9DD89-2106-47F5-AB62-06345E56E2E5}.Release|Any CPU.Build.0 = Release|Any CPU
	EndGlobalSection
	GlobalSection(SolutionProperties) = preSolution
		HideSolutionNode = FALSE
	EndGlobalSection
	GlobalSection(ExtensibilityGlobals) = postSolution
		SolutionGuid = {78041F6D-BE51-455D-BBA8-2790F4839188}
	EndGlobalSection
EndGlobal
